<?xml version="1.0" encoding="utf-8"?>
<Project ToolsVersion="4.0" xmlns="http://schemas.microsoft.com/developer/msbuild/2003">
  <ItemGroup>
    <Filter Include="Source Files">
      <UniqueIdentifier>{4FC737F1-C7A5-4376-A066-2A32D752A2FF}</UniqueIdentifier>
      <Extensions>cpp;c;cc;cxx;def;odl;idl;hpj;bat;asm;asmx</Extensions>
    </Filter>
    <Filter Include="Header Files">
      <UniqueIdentifier>{93995380-89BD-4b04-88EB-625FBE52EBFB}</UniqueIdentifier>
      <Extensions>h;hh;hpp;hxx;hm;inl;inc;xsd</Extensions>
    </Filter>
    <Filter Include="Resource Files">
      <UniqueIdentifier>{67DA6AB6-F800-4c08-8B7A-83BB121AAD01}</UniqueIdentifier>
      <Extensions>rc;ico;cur;bmp;dlg;rc2;rct;bin;rgs;gif;jpg;jpeg;jpe;resx;tiff;tif;png;wav;mfcribbon-ms</Extensions>
    </Filter>
    <Filter Include="Source Files\models">
      <UniqueIdentifier>{f401251d-3fac-4bf1-a7e1-c651db9b2e2b}</UniqueIdentifier>
    </Filter>
    <Filter Include="Source Files\render">
      <UniqueIdentifier>{b8349ef0-cea7-4f53-a451-801166c0ce21}</UniqueIdentifier>
    </Filter>
    <Filter Include="Source Files\textures">
      <UniqueIdentifier>{b8020ca3-6453-452c-b8ba-d3d3e4198381}</UniqueIdentifier>
    </Filter>
    <Filter Include="Source Files\loaders">
      <UniqueIdentifier>{6961089b-55af-4bc0-87da-cee131b8947f}</UniqueIdentifier>
    </Filter>
    <Filter Include="Source Files\utilities">
      <UniqueIdentifier>{295399a4-a42f-44f9-9a6b-39a514565fc0}</UniqueIdentifier>
    </Filter>
    <Filter Include="Source Files\shaders">
      <UniqueIdentifier>{08759bf4-1018-4486-ba6f-97a9b1272fc5}</UniqueIdentifier>
    </Filter>
    <Filter Include="Source Files\shaders\shader files">
      <UniqueIdentifier>{6a3ef991-8216-47ef-abda-eea18cbab0b2}</UniqueIdentifier>
    </Filter>
    <Filter Include="Source Files\terrain">
      <UniqueIdentifier>{985b7971-b936-45d7-bdd7-b88579f2b871}</UniqueIdentifier>
    </Filter>
    <Filter Include="Source Files\Skybox">
      <UniqueIdentifier>{43fd960a-8a35-4daa-8629-d2c10d2e9364}</UniqueIdentifier>
    </Filter>
    <Filter Include="Source Files\water">
      <UniqueIdentifier>{b7f4eb7d-d248-4807-b411-1181299299ff}</UniqueIdentifier>
    </Filter>
    <Filter Include="Source Files\water\shader_files">
      <UniqueIdentifier>{bd0ebbda-e7a2-4237-a8bc-15d8e26f5f3f}</UniqueIdentifier>
    </Filter>
    <Filter Include="Source Files\Skybox\shader_files">
      <UniqueIdentifier>{be8d8069-be14-47d4-a7ad-6efe85ac9800}</UniqueIdentifier>
    </Filter>
    <Filter Include="Source Files\terrain\shader_files">
      <UniqueIdentifier>{5ddf6f02-783b-491e-9215-ecb5f8069e2c}</UniqueIdentifier>
    </Filter>
    <Filter Include="Source Files\GUI">
      <UniqueIdentifier>{ad3a9641-d90d-404f-aa81-79641420449a}</UniqueIdentifier>
    </Filter>
    <Filter Include="Source Files\GUI\shader_files">
      <UniqueIdentifier>{f80e6867-d122-4ae8-9326-edff79c65f80}</UniqueIdentifier>
    </Filter>
  </ItemGroup>
  <ItemGroup>
    <ClCompile Include="Source.cpp">
      <Filter>Source Files</Filter>
    </ClCompile>
    <ClCompile Include="Display.cpp">
      <Filter>Source Files</Filter>
    </ClCompile>
    <ClCompile Include="Camera.cpp">
      <Filter>Source Files</Filter>
    </ClCompile>
    <ClCompile Include="Mesh.cpp">
      <Filter>Source Files\models</Filter>
    </ClCompile>
    <ClCompile Include="TexturedModel.cpp">
      <Filter>Source Files\models</Filter>
    </ClCompile>
    <ClCompile Include="Texture.cpp">
      <Filter>Source Files\textures</Filter>
    </ClCompile>
    <ClCompile Include="stb_image.c">
      <Filter>Source Files\loaders</Filter>
    </ClCompile>
    <ClCompile Include="obj_loader.cpp">
      <Filter>Source Files\loaders</Filter>
    </ClCompile>
    <ClCompile Include="Loader.cpp">
      <Filter>Source Files\loaders</Filter>
    </ClCompile>
    <ClCompile Include="OBJloader.cpp">
      <Filter>Source Files\loaders</Filter>
    </ClCompile>
    <ClCompile Include="Lights.cpp">
      <Filter>Source Files\utilities</Filter>
    </ClCompile>
    <ClCompile Include="Entity.cpp">
      <Filter>Source Files\models</Filter>
    </ClCompile>
    <ClCompile Include="Renderer.cpp">
      <Filter>Source Files\render</Filter>
    </ClCompile>
    <ClCompile Include="MasterRenderer.cpp">
      <Filter>Source Files\render</Filter>
    </ClCompile>
    <ClCompile Include="Shader.cpp">
      <Filter>Source Files\shaders</Filter>
    </ClCompile>
    <ClCompile Include="utility.cpp">
      <Filter>Source Files\utilities</Filter>
    </ClCompile>
    <ClCompile Include="Terrain.cpp">
      <Filter>Source Files\terrain</Filter>
    </ClCompile>
    <ClCompile Include="Player.cpp">
      <Filter>Source Files\models</Filter>
    </ClCompile>
    <ClCompile Include="Skybox.cpp">
      <Filter>Source Files\Skybox</Filter>
    </ClCompile>
    <ClCompile Include="SkyboxShader.cpp">
      <Filter>Source Files\Skybox</Filter>
    </ClCompile>
    <ClCompile Include="SkyboxRenderer.cpp">
      <Filter>Source Files\Skybox</Filter>
    </ClCompile>
    <ClCompile Include="NormalMapEntityRenderer.cpp">
      <Filter>Source Files\render</Filter>
    </ClCompile>
    <ClCompile Include="NormalMapShader.cpp">
      <Filter>Source Files\shaders</Filter>
    </ClCompile>
    <ClCompile Include="BasicShader.cpp">
      <Filter>Source Files\shaders</Filter>
    </ClCompile>
    <ClCompile Include="water.cpp">
      <Filter>Source Files\water</Filter>
    </ClCompile>
    <ClCompile Include="WaterRenderer.cpp">
      <Filter>Source Files\water</Filter>
    </ClCompile>
    <ClCompile Include="WaterShader.cpp">
      <Filter>Source Files\water</Filter>
    </ClCompile>
    <ClCompile Include="TerrainShader.cpp">
      <Filter>Source Files\terrain</Filter>
    </ClCompile>
    <ClCompile Include="TerrainRenderer.cpp">
      <Filter>Source Files\terrain</Filter>
    </ClCompile>
    <ClCompile Include="GuiShader.cpp">
      <Filter>Source Files\GUI</Filter>
    </ClCompile>
    <ClCompile Include="GuiRenderer.cpp">
      <Filter>Source Files\GUI</Filter>
    </ClCompile>
    <ClCompile Include="GUI.cpp">
      <Filter>Source Files\GUI</Filter>
    </ClCompile>
    <ClCompile Include="FrameBufferObject.cpp">
      <Filter>Source Files\render</Filter>
    </ClCompile>
    <ClCompile Include="WaterFrameBuffer.cpp">
      <Filter>Source Files\water</Filter>
    </ClCompile>
    <ClCompile Include="TerrainTexturePack.cpp">
      <Filter>Source Files\terrain</Filter>
    </ClCompile>
  </ItemGroup>
  <ItemGroup>
    <ClInclude Include="Display.h">
      <Filter>Header Files</Filter>
    </ClInclude>
    <ClInclude Include="Shader.h">
      <Filter>Header Files</Filter>
    </ClInclude>
    <ClInclude Include="Mesh.h">
      <Filter>Header Files</Filter>
    </ClInclude>
    <ClInclude Include="utility.h">
      <Filter>Header Files</Filter>
    </ClInclude>
    <ClInclude Include="obj_loader.h">
      <Filter>Header Files</Filter>
    </ClInclude>
    <ClInclude Include="stb_image.h">
      <Filter>Header Files</Filter>
    </ClInclude>
    <ClInclude Include="Texture.h">
      <Filter>Header Files</Filter>
    </ClInclude>
    <ClInclude Include="Transform.h">
      <Filter>Header Files</Filter>
    </ClInclude>
    <ClInclude Include="Loader.h">
      <Filter>Header Files</Filter>
    </ClInclude>
    <ClInclude Include="Camera.h">
      <Filter>Header Files</Filter>
    </ClInclude>
    <ClInclude Include="BasicShader.h">
      <Filter>Header Files</Filter>
    </ClInclude>
    <ClInclude Include="TexturedModel.h">
      <Filter>Header Files</Filter>
    </ClInclude>
    <ClInclude Include="Renderer.h">
      <Filter>Header Files</Filter>
    </ClInclude>
    <ClInclude Include="OBJloader.h">
      <Filter>Header Files</Filter>
    </ClInclude>
    <ClInclude Include="Lights.h">
      <Filter>Header Files</Filter>
    </ClInclude>
    <ClInclude Include="Entity.h">
      <Filter>Header Files</Filter>
    </ClInclude>
    <ClInclude Include="MasterRenderer.h">
      <Filter>Header Files</Filter>
    </ClInclude>
    <ClInclude Include="Terrain.h">
      <Filter>Header Files</Filter>
    </ClInclude>
    <ClInclude Include="TerrainShader.h">
      <Filter>Header Files</Filter>
    </ClInclude>
    <ClInclude Include="resource.h">
      <Filter>Header Files</Filter>
    </ClInclude>
    <ClInclude Include="TerrainRenderer.h">
      <Filter>Header Files</Filter>
    </ClInclude>
    <ClInclude Include="TerrainTexturePack.h">
      <Filter>Header Files</Filter>
    </ClInclude>
    <ClInclude Include="Player.h">
      <Filter>Header Files</Filter>
    </ClInclude>
    <ClInclude Include="Skybox.h">
      <Filter>Header Files</Filter>
    </ClInclude>
    <ClInclude Include="SkyboxShader.h">
      <Filter>Header Files</Filter>
    </ClInclude>
    <ClInclude Include="SkyboxRenderer.h">
      <Filter>Header Files</Filter>
    </ClInclude>
    <ClInclude Include="NormalMapEntityRenderer.h">
      <Filter>Header Files</Filter>
    </ClInclude>
    <ClInclude Include="NormalMapShader.h">
      <Filter>Header Files</Filter>
    </ClInclude>
    <ClInclude Include="water.h">
      <Filter>Header Files</Filter>
    </ClInclude>
    <ClInclude Include="WaterShader.h">
      <Filter>Header Files</Filter>
    </ClInclude>
    <ClInclude Include="WaterRenderer.h">
      <Filter>Header Files</Filter>
    </ClInclude>
    <ClInclude Include="GuiShader.h">
      <Filter>Header Files</Filter>
    </ClInclude>
    <ClInclude Include="GuiRenderer.h">
      <Filter>Header Files</Filter>
    </ClInclude>
    <ClInclude Include="GUI.h">
      <Filter>Header Files</Filter>
    </ClInclude>
    <ClInclude Include="FrameBufferObject.h">
      <Filter>Header Files</Filter>
    </ClInclude>
    <ClInclude Include="WaterFrameBuffer.h">
      <Filter>Header Files</Filter>
    </ClInclude>
  </ItemGroup>
  <ItemGroup>
    <None Include="basic_shader.sf">
      <Filter>Source Files\shaders\shader files</Filter>
    </None>
    <None Include="basic_shader.vs">
      <Filter>Source Files\shaders\shader files</Filter>
    </None>
    <None Include="res\shaders\normal_model_shader.sf">
      <Filter>Source Files\shaders\shader files</Filter>
    </None>
    <None Include="res\shaders\normal_model_shader.vs">
      <Filter>Source Files\shaders\shader files</Filter>
    </None>
    <None Include="water_shader.sf">
      <Filter>Source Files\water\shader_files</Filter>
    </None>
    <None Include="water_shader.vs">
      <Filter>Source Files\water\shader_files</Filter>
    </None>
    <None Include="res\shaders\skybox_shader.sf">
      <Filter>Source Files\Skybox\shader_files</Filter>
    </None>
    <None Include="res\shaders\skybox_shader.vs">
      <Filter>Source Files\Skybox\shader_files</Filter>
    </None>
    <None Include="terrainShader.sf">
      <Filter>Source Files\terrain\shader_files</Filter>
    </None>
    <None Include="terrainShader.vs">
      <Filter>Source Files\terrain\shader_files</Filter>
    </None>
    <None Include="res\shaders\gui_shader.sf">
      <Filter>Source Files\GUI\shader_files</Filter>
    </None>
    <None Include="res\shaders\gui_shader.vs">
      <Filter>Source Files\GUI\shader_files</Filter>
    </None>
  </ItemGroup>
  <ItemGroup>
    <ResourceCompile Include="OpenGL_Test_Project.rc">
      <Filter>Resource Files</Filter>
    </ResourceCompile>
  </ItemGroup>
  <ItemGroup>
    <Text Include="TO-DO.txt">
      <Filter>Source Files</Filter>
    </Text>
  </ItemGroup>
</Project>